// !$*UTF8*$!
{
	archiveVersion = 1;
	classes = {
	};
	objectVersion = 77;
	objects = {

/* Begin PBXBuildFile section */
		27BEA4952CFF9BB500C39013 /* ACKategories in Frameworks */ = {isa = PBXBuildFile; productRef = 27BEA4942CFF9BB500C39013 /* ACKategories */; };
/* End PBXBuildFile section */

/* Begin PBXContainerItemProxy section */
		27BEA4762CFF9A6A00C39013 /* PBXContainerItemProxy */ = {
			isa = PBXContainerItemProxy;
			containerPortal = 27BEA4572CFF9A6900C39013 /* Project object */;
			proxyType = 1;
			remoteGlobalIDString = 27BEA45E2CFF9A6900C39013;
			remoteInfo = fitnessApp;
		};
		27BEA4802CFF9A6A00C39013 /* PBXContainerItemProxy */ = {
			isa = PBXContainerItemProxy;
			containerPortal = 27BEA4572CFF9A6900C39013 /* Project object */;
			proxyType = 1;
			remoteGlobalIDString = 27BEA45E2CFF9A6900C39013;
			remoteInfo = fitnessApp;
		};
/* End PBXContainerItemProxy section */

/* Begin PBXFileReference section */
		27BEA45F2CFF9A6900C39013 /* fitnessApp.app */ = {isa = PBXFileReference; explicitFileType = wrapper.application; includeInIndex = 0; path = fitnessApp.app; sourceTree = BUILT_PRODUCTS_DIR; };
		27BEA4752CFF9A6A00C39013 /* fitnessAppTests.xctest */ = {isa = PBXFileReference; explicitFileType = wrapper.cfbundle; includeInIndex = 0; path = fitnessAppTests.xctest; sourceTree = BUILT_PRODUCTS_DIR; };
		27BEA47F2CFF9A6A00C39013 /* fitnessAppUITests.xctest */ = {isa = PBXFileReference; explicitFileType = wrapper.cfbundle; includeInIndex = 0; path = fitnessAppUITests.xctest; sourceTree = BUILT_PRODUCTS_DIR; };
/* End PBXFileReference section */

/* Begin PBXFileSystemSynchronizedBuildFileExceptionSet section */
		27BEA4872CFF9A6A00C39013 /* Exceptions for "fitnessApp" folder in "fitnessApp" target */ = {
			isa = PBXFileSystemSynchronizedBuildFileExceptionSet;
			membershipExceptions = (
				Info.plist,
			);
			target = 27BEA45E2CFF9A6900C39013 /* fitnessApp */;
		};
		27F32E042D00559900A83C5A /* Exceptions for "fitnessApp" folder in "fitnessAppTests" target */ = {
			isa = PBXFileSystemSynchronizedBuildFileExceptionSet;
			membershipExceptions = (
				config.xcconfig,
			);
			target = 27BEA4742CFF9A6A00C39013 /* fitnessAppTests */;
		};
		27F32E052D00559900A83C5A /* Exceptions for "fitnessApp" folder in "fitnessAppUITests" target */ = {
			isa = PBXFileSystemSynchronizedBuildFileExceptionSet;
			membershipExceptions = (
				config.xcconfig,
			);
			target = 27BEA47E2CFF9A6A00C39013 /* fitnessAppUITests */;
		};
/* End PBXFileSystemSynchronizedBuildFileExceptionSet section */

/* Begin PBXFileSystemSynchronizedRootGroup section */
		27BEA4612CFF9A6900C39013 /* fitnessApp */ = {
			isa = PBXFileSystemSynchronizedRootGroup;
			exceptions = (
				27BEA4872CFF9A6A00C39013 /* Exceptions for "fitnessApp" folder in "fitnessApp" target */,
				27F32E042D00559900A83C5A /* Exceptions for "fitnessApp" folder in "fitnessAppTests" target */,
				27F32E052D00559900A83C5A /* Exceptions for "fitnessApp" folder in "fitnessAppUITests" target */,
			);
			path = fitnessApp;
			sourceTree = "<group>";
		};
		27BEA4782CFF9A6A00C39013 /* fitnessAppTests */ = {
			isa = PBXFileSystemSynchronizedRootGroup;
			path = fitnessAppTests;
			sourceTree = "<group>";
		};
		27BEA4822CFF9A6A00C39013 /* fitnessAppUITests */ = {
			isa = PBXFileSystemSynchronizedRootGroup;
			path = fitnessAppUITests;
			sourceTree = "<group>";
		};
/* End PBXFileSystemSynchronizedRootGroup section */

/* Begin PBXFrameworksBuildPhase section */
		27BEA45C2CFF9A6900C39013 /* Frameworks */ = {
			isa = PBXFrameworksBuildPhase;
			buildActionMask = 2147483647;
			files = (
				27BEA4952CFF9BB500C39013 /* ACKategories in Frameworks */,
			);
			runOnlyForDeploymentPostprocessing = 0;
		};
		27BEA4722CFF9A6A00C39013 /* Frameworks */ = {
			isa = PBXFrameworksBuildPhase;
			buildActionMask = 2147483647;
			files = (
			);
			runOnlyForDeploymentPostprocessing = 0;
		};
		27BEA47C2CFF9A6A00C39013 /* Frameworks */ = {
			isa = PBXFrameworksBuildPhase;
			buildActionMask = 2147483647;
			files = (
			);
			runOnlyForDeploymentPostprocessing = 0;
		};
/* End PBXFrameworksBuildPhase section */

/* Begin PBXGroup section */
		27BEA4562CFF9A6900C39013 = {
			isa = PBXGroup;
			children = (
				27BEA4612CFF9A6900C39013 /* fitnessApp */,
				27BEA4782CFF9A6A00C39013 /* fitnessAppTests */,
				27BEA4822CFF9A6A00C39013 /* fitnessAppUITests */,
				27BEA4602CFF9A6900C39013 /* Products */,
			);
			sourceTree = "<group>";
		};
		27BEA4602CFF9A6900C39013 /* Products */ = {
			isa = PBXGroup;
			children = (
				27BEA45F2CFF9A6900C39013 /* fitnessApp.app */,
				27BEA4752CFF9A6A00C39013 /* fitnessAppTests.xctest */,
				27BEA47F2CFF9A6A00C39013 /* fitnessAppUITests.xctest */,
			);
			name = Products;
			sourceTree = "<group>";
		};
/* End PBXGroup section */

/* Begin PBXNativeTarget section */
		27BEA45E2CFF9A6900C39013 /* fitnessApp */ = {
			isa = PBXNativeTarget;
			buildConfigurationList = 27BEA4882CFF9A6A00C39013 /* Build configuration list for PBXNativeTarget "fitnessApp" */;
			buildPhases = (
				27BEA45B2CFF9A6900C39013 /* Sources */,
				27BEA45C2CFF9A6900C39013 /* Frameworks */,
				27BEA45D2CFF9A6900C39013 /* Resources */,
			);
			buildRules = (
			);
			dependencies = (
			);
			fileSystemSynchronizedGroups = (
				27BEA4612CFF9A6900C39013 /* fitnessApp */,
			);
			name = fitnessApp;
			packageProductDependencies = (
				27BEA4942CFF9BB500C39013 /* ACKategories */,
			);
			productName = fitnessApp;
			productReference = 27BEA45F2CFF9A6900C39013 /* fitnessApp.app */;
			productType = "com.apple.product-type.application";
		};
		27BEA4742CFF9A6A00C39013 /* fitnessAppTests */ = {
			isa = PBXNativeTarget;
			buildConfigurationList = 27BEA48D2CFF9A6A00C39013 /* Build configuration list for PBXNativeTarget "fitnessAppTests" */;
			buildPhases = (
				27BEA4712CFF9A6A00C39013 /* Sources */,
				27BEA4722CFF9A6A00C39013 /* Frameworks */,
				27BEA4732CFF9A6A00C39013 /* Resources */,
			);
			buildRules = (
			);
			dependencies = (
				27BEA4772CFF9A6A00C39013 /* PBXTargetDependency */,
			);
			fileSystemSynchronizedGroups = (
				27BEA4782CFF9A6A00C39013 /* fitnessAppTests */,
			);
			name = fitnessAppTests;
			packageProductDependencies = (
			);
			productName = fitnessAppTests;
			productReference = 27BEA4752CFF9A6A00C39013 /* fitnessAppTests.xctest */;
			productType = "com.apple.product-type.bundle.unit-test";
		};
		27BEA47E2CFF9A6A00C39013 /* fitnessAppUITests */ = {
			isa = PBXNativeTarget;
			buildConfigurationList = 27BEA4902CFF9A6A00C39013 /* Build configuration list for PBXNativeTarget "fitnessAppUITests" */;
			buildPhases = (
				27BEA47B2CFF9A6A00C39013 /* Sources */,
				27BEA47C2CFF9A6A00C39013 /* Frameworks */,
				27BEA47D2CFF9A6A00C39013 /* Resources */,
			);
			buildRules = (
			);
			dependencies = (
				27BEA4812CFF9A6A00C39013 /* PBXTargetDependency */,
			);
			fileSystemSynchronizedGroups = (
				27BEA4822CFF9A6A00C39013 /* fitnessAppUITests */,
			);
			name = fitnessAppUITests;
			packageProductDependencies = (
			);
			productName = fitnessAppUITests;
			productReference = 27BEA47F2CFF9A6A00C39013 /* fitnessAppUITests.xctest */;
			productType = "com.apple.product-type.bundle.ui-testing";
		};
/* End PBXNativeTarget section */

/* Begin PBXProject section */
		27BEA4572CFF9A6900C39013 /* Project object */ = {
			isa = PBXProject;
			attributes = {
				BuildIndependentTargetsInParallel = 1;
				LastSwiftUpdateCheck = 1610;
				LastUpgradeCheck = 1610;
				TargetAttributes = {
					27BEA45E2CFF9A6900C39013 = {
						CreatedOnToolsVersion = 16.1;
					};
					27BEA4742CFF9A6A00C39013 = {
						CreatedOnToolsVersion = 16.1;
						TestTargetID = 27BEA45E2CFF9A6900C39013;
					};
					27BEA47E2CFF9A6A00C39013 = {
						CreatedOnToolsVersion = 16.1;
						TestTargetID = 27BEA45E2CFF9A6900C39013;
					};
				};
			};
			buildConfigurationList = 27BEA45A2CFF9A6900C39013 /* Build configuration list for PBXProject "fitnessApp" */;
			developmentRegion = en;
			hasScannedForEncodings = 0;
			knownRegions = (
				en,
				Base,
			);
			mainGroup = 27BEA4562CFF9A6900C39013;
			minimizedProjectReferenceProxies = 1;
			packageReferences = (
				27BEA4932CFF9BB500C39013 /* XCRemoteSwiftPackageReference "ACKategories" */,
			);
			preferredProjectObjectVersion = 77;
			productRefGroup = 27BEA4602CFF9A6900C39013 /* Products */;
			projectDirPath = "";
			projectRoot = "";
			targets = (
				27BEA45E2CFF9A6900C39013 /* fitnessApp */,
				27BEA4742CFF9A6A00C39013 /* fitnessAppTests */,
				27BEA47E2CFF9A6A00C39013 /* fitnessAppUITests */,
			);
		};
/* End PBXProject section */

/* Begin PBXResourcesBuildPhase section */
		27BEA45D2CFF9A6900C39013 /* Resources */ = {
			isa = PBXResourcesBuildPhase;
			buildActionMask = 2147483647;
			files = (
			);
			runOnlyForDeploymentPostprocessing = 0;
		};
		27BEA4732CFF9A6A00C39013 /* Resources */ = {
			isa = PBXResourcesBuildPhase;
			buildActionMask = 2147483647;
			files = (
			);
			runOnlyForDeploymentPostprocessing = 0;
		};
		27BEA47D2CFF9A6A00C39013 /* Resources */ = {
			isa = PBXResourcesBuildPhase;
			buildActionMask = 2147483647;
			files = (
			);
			runOnlyForDeploymentPostprocessing = 0;
		};
/* End PBXResourcesBuildPhase section */

/* Begin PBXSourcesBuildPhase section */
		27BEA45B2CFF9A6900C39013 /* Sources */ = {
			isa = PBXSourcesBuildPhase;
			buildActionMask = 2147483647;
			files = (
			);
			runOnlyForDeploymentPostprocessing = 0;
		};
		27BEA4712CFF9A6A00C39013 /* Sources */ = {
			isa = PBXSourcesBuildPhase;
			buildActionMask = 2147483647;
			files = (
			);
			runOnlyForDeploymentPostprocessing = 0;
		};
		27BEA47B2CFF9A6A00C39013 /* Sources */ = {
			isa = PBXSourcesBuildPhase;
			buildActionMask = 2147483647;
			files = (
			);
			runOnlyForDeploymentPostprocessing = 0;
		};
/* End PBXSourcesBuildPhase section */

/* Begin PBXTargetDependency section */
		27BEA4772CFF9A6A00C39013 /* PBXTargetDependency */ = {
			isa = PBXTargetDependency;
			target = 27BEA45E2CFF9A6900C39013 /* fitnessApp */;
			targetProxy = 27BEA4762CFF9A6A00C39013 /* PBXContainerItemProxy */;
		};
		27BEA4812CFF9A6A00C39013 /* PBXTargetDependency */ = {
			isa = PBXTargetDependency;
			target = 27BEA45E2CFF9A6900C39013 /* fitnessApp */;
			targetProxy = 27BEA4802CFF9A6A00C39013 /* PBXContainerItemProxy */;
		};
/* End PBXTargetDependency section */

/* Begin XCBuildConfiguration section */
		27BEA4892CFF9A6A00C39013 /* Debug */ = {
			isa = XCBuildConfiguration;
			buildSettings = {
				ASSETCATALOG_COMPILER_APPICON_NAME = AppIcon;
				ASSETCATALOG_COMPILER_GLOBAL_ACCENT_COLOR_NAME = AccentColor;
				CODE_SIGN_STYLE = Automatic;
				CURRENT_PROJECT_VERSION = 1;
				DEVELOPMENT_TEAM = 84HX6FUFDK;
				GENERATE_INFOPLIST_FILE = YES;
				INFOPLIST_FILE = fitnessApp/Info.plist;
				INFOPLIST_KEY_UIApplicationSupportsIndirectInputEvents = YES;
				INFOPLIST_KEY_UILaunchStoryboardName = LaunchScreen;
				INFOPLIST_KEY_UIMainStoryboardFile = Main;
				INFOPLIST_KEY_UISupportedInterfaceOrientations = UIInterfaceOrientationPortrait;
				LD_RUNPATH_SEARCH_PATHS = (
					"$(inherited)",
					"@executable_path/Frameworks",
				);
				MARKETING_VERSION = 1.0;
				PRODUCT_BUNDLE_IDENTIFIER = cz.fit.cvut.fitnessApp;
				PRODUCT_NAME = "$(TARGET_NAME)";
				SWIFT_EMIT_LOC_STRINGS = YES;
				SWIFT_VERSION = 5.0;
				TARGETED_DEVICE_FAMILY = "1,2";
			};
			name = Debug;
		};
		27BEA48A2CFF9A6A00C39013 /* Release */ = {
			isa = XCBuildConfiguration;
			buildSettings = {
				ASSETCATALOG_COMPILER_APPICON_NAME = AppIcon;
				ASSETCATALOG_COMPILER_GLOBAL_ACCENT_COLOR_NAME = AccentColor;
				CODE_SIGN_STYLE = Automatic;
				CURRENT_PROJECT_VERSION = 1;
				DEVELOPMENT_TEAM = 84HX6FUFDK;
				GENERATE_INFOPLIST_FILE = YES;
				INFOPLIST_FILE = fitnessApp/Info.plist;
				INFOPLIST_KEY_UIApplicationSupportsIndirectInputEvents = YES;
				INFOPLIST_KEY_UILaunchStoryboardName = LaunchScreen;
				INFOPLIST_KEY_UIMainStoryboardFile = Main;
				INFOPLIST_KEY_UISupportedInterfaceOrientations = UIInterfaceOrientationPortrait;
				LD_RUNPATH_SEARCH_PATHS = (
					"$(inherited)",
					"@executable_path/Frameworks",
				);
				MARKETING_VERSION = 1.0;
				PRODUCT_BUNDLE_IDENTIFIER = cz.fit.cvut.fitnessApp;
				PRODUCT_NAME = "$(TARGET_NAME)";
				SWIFT_EMIT_LOC_STRINGS = YES;
				SWIFT_VERSION = 5.0;
				TARGETED_DEVICE_FAMILY = "1,2";
			};
			name = Release;
		};
		27BEA48B2CFF9A6A00C39013 /* Debug */ = {
			isa = XCBuildConfiguration;
			buildSettings = {
				ALWAYS_SEARCH_USER_PATHS = NO;
				ASSETCATALOG_COMPILER_GENERATE_SWIFT_ASSET_SYMBOL_EXTENSIONS = YES;
				CLANG_ANALYZER_NONNULL = YES;
				CLANG_ANALYZER_NUMBER_OBJECT_CONVERSION = YES_AGGRESSIVE;
				CLANG_CXX_LANGUAGE_STANDARD = "gnu++20";
				CLANG_ENABLE_MODULES = YES;
				CLANG_ENABLE_OBJC_ARC = YES;
				CLANG_ENABLE_OBJC_WEAK = YES;
				CLANG_WARN_BLOCK_CAPTURE_AUTORELEASING = YES;
				CLANG_WARN_BOOL_CONVERSION = YES;
				CLANG_WARN_COMMA = YES;
				CLANG_WARN_CONSTANT_CONVERSION = YES;
				CLANG_WARN_DEPRECATED_OBJC_IMPLEMENTATIONS = YES;
				CLANG_WARN_DIRECT_OBJC_ISA_USAGE = YES_ERROR;
				CLANG_WARN_DOCUMENTATION_COMMENTS = YES;
				CLANG_WARN_EMPTY_BODY = YES;
				CLANG_WARN_ENUM_CONVERSION = YES;
				CLANG_WARN_INFINITE_RECURSION = YES;
				CLANG_WARN_INT_CONVERSION = YES;
				CLANG_WARN_NON_LITERAL_NULL_CONVERSION = YES;
				CLANG_WARN_OBJC_IMPLICIT_RETAIN_SELF = YES;
				CLANG_WARN_OBJC_LITERAL_CONVERSION = YES;
				CLANG_WARN_OBJC_ROOT_CLASS = YES_ERROR;
				CLANG_WARN_QUOTED_INCLUDE_IN_FRAMEWORK_HEADER = YES;
				CLANG_WARN_RANGE_LOOP_ANALYSIS = YES;
				CLANG_WARN_STRICT_PROTOTYPES = YES;
				CLANG_WARN_SUSPICIOUS_MOVE = YES;
				CLANG_WARN_UNGUARDED_AVAILABILITY = YES_AGGRESSIVE;
				CLANG_WARN_UNREACHABLE_CODE = YES;
				CLANG_WARN__DUPLICATE_METHOD_MATCH = YES;
				COPY_PHASE_STRIP = NO;
				DEBUG_INFORMATION_FORMAT = dwarf;
				ENABLE_STRICT_OBJC_MSGSEND = YES;
				ENABLE_TESTABILITY = YES;
				ENABLE_USER_SCRIPT_SANDBOXING = YES;
				GCC_C_LANGUAGE_STANDARD = gnu17;
				GCC_DYNAMIC_NO_PIC = NO;
				GCC_NO_COMMON_BLOCKS = YES;
				GCC_OPTIMIZATION_LEVEL = 0;
				GCC_PREPROCESSOR_DEFINITIONS = (
					"DEBUG=1",
					"$(inherited)",
				);
				GCC_WARN_64_TO_32_BIT_CONVERSION = YES;
				GCC_WARN_ABOUT_RETURN_TYPE = YES_ERROR;
				GCC_WARN_UNDECLARED_SELECTOR = YES;
				GCC_WARN_UNINITIALIZED_AUTOS = YES_AGGRESSIVE;
				GCC_WARN_UNUSED_FUNCTION = YES;
				GCC_WARN_UNUSED_VARIABLE = YES;
				IPHONEOS_DEPLOYMENT_TARGET = 18.1;
				LOCALIZATION_PREFERS_STRING_CATALOGS = YES;
				MTL_ENABLE_DEBUG_INFO = INCLUDE_SOURCE;
				MTL_FAST_MATH = YES;
				ONLY_ACTIVE_ARCH = YES;
				SDKROOT = iphoneos;
				SWIFT_ACTIVE_COMPILATION_CONDITIONS = "DEBUG $(inherited)";
				SWIFT_OPTIMIZATION_LEVEL = "-Onone";
			};
			name = Debug;
		};
		27BEA48C2CFF9A6A00C39013 /* Release */ = {
			isa = XCBuildConfiguration;
			buildSettings = {
				ALWAYS_SEARCH_USER_PATHS = NO;
				ASSETCATALOG_COMPILER_GENERATE_SWIFT_ASSET_SYMBOL_EXTENSIONS = YES;
				CLANG_ANALYZER_NONNULL = YES;
				CLANG_ANALYZER_NUMBER_OBJECT_CONVERSION = YES_AGGRESSIVE;
				CLANG_CXX_LANGUAGE_STANDARD = "gnu++20";
				CLANG_ENABLE_MODULES = YES;
				CLANG_ENABLE_OBJC_ARC = YES;
				CLANG_ENABLE_OBJC_WEAK = YES;
				CLANG_WARN_BLOCK_CAPTURE_AUTORELEASING = YES;
				CLANG_WARN_BOOL_CONVERSION = YES;
				CLANG_WARN_COMMA = YES;
				CLANG_WARN_CONSTANT_CONVERSION = YES;
				CLANG_WARN_DEPRECATED_OBJC_IMPLEMENTATIONS = YES;
				CLANG_WARN_DIRECT_OBJC_ISA_USAGE = YES_ERROR;
				CLANG_WARN_DOCUMENTATION_COMMENTS = YES;
				CLANG_WARN_EMPTY_BODY = YES;
				CLANG_WARN_ENUM_CONVERSION = YES;
				CLANG_WARN_INFINITE_RECURSION = YES;
				CLANG_WARN_INT_CONVERSION = YES;
				CLANG_WARN_NON_LITERAL_NULL_CONVERSION = YES;
				CLANG_WARN_OBJC_IMPLICIT_RETAIN_SELF = YES;
				CLANG_WARN_OBJC_LITERAL_CONVERSION = YES;
				CLANG_WARN_OBJC_ROOT_CLASS = YES_ERROR;
				CLANG_WARN_QUOTED_INCLUDE_IN_FRAMEWORK_HEADER = YES;
				CLANG_WARN_RANGE_LOOP_ANALYSIS = YES;
				CLANG_WARN_STRICT_PROTOTYPES = YES;
				CLANG_WARN_SUSPICIOUS_MOVE = YES;
				CLANG_WARN_UNGUARDED_AVAILABILITY = YES_AGGRESSIVE;
				CLANG_WARN_UNREACHABLE_CODE = YES;
				CLANG_WARN__DUPLICATE_METHOD_MATCH = YES;
				COPY_PHASE_STRIP = NO;
				DEBUG_INFORMATION_FORMAT = "dwarf-with-dsym";
				ENABLE_NS_ASSERTIONS = NO;
				ENABLE_STRICT_OBJC_MSGSEND = YES;
				ENABLE_USER_SCRIPT_SANDBOXING = YES;
				GCC_C_LANGUAGE_STANDARD = gnu17;
				GCC_NO_COMMON_BLOCKS = YES;
				GCC_WARN_64_TO_32_BIT_CONVERSION = YES;
				GCC_WARN_ABOUT_RETURN_TYPE = YES_ERROR;
				GCC_WARN_UNDECLARED_SELECTOR = YES;
				GCC_WARN_UNINITIALIZED_AUTOS = YES_AGGRESSIVE;
				GCC_WARN_UNUSED_FUNCTION = YES;
				GCC_WARN_UNUSED_VARIABLE = YES;
				IPHONEOS_DEPLOYMENT_TARGET = 18.1;
				LOCALIZATION_PREFERS_STRING_CATALOGS = YES;
				MTL_ENABLE_DEBUG_INFO = NO;
				MTL_FAST_MATH = YES;
				SDKROOT = iphoneos;
				SWIFT_COMPILATION_MODE = wholemodule;
				VALIDATE_PRODUCT = YES;
			};
			name = Release;
		};
		27BEA48E2CFF9A6A00C39013 /* Debug */ = {
			isa = XCBuildConfiguration;
			buildSettings = {
				BUNDLE_LOADER = "$(TEST_HOST)";
				CODE_SIGN_STYLE = Automatic;
				CURRENT_PROJECT_VERSION = 1;
				DEVELOPMENT_TEAM = 84HX6FUFDK;
				GENERATE_INFOPLIST_FILE = YES;
				IPHONEOS_DEPLOYMENT_TARGET = 18.1;
				MARKETING_VERSION = 1.0;
				PRODUCT_BUNDLE_IDENTIFIER = cz.fit.cvut.fitnessAppTests;
				PRODUCT_NAME = "$(TARGET_NAME)";
				SWIFT_EMIT_LOC_STRINGS = NO;
				SWIFT_VERSION = 5.0;
				TARGETED_DEVICE_FAMILY = "1,2";
				TEST_HOST = "$(BUILT_PRODUCTS_DIR)/fitnessApp.app/$(BUNDLE_EXECUTABLE_FOLDER_PATH)/fitnessApp";
			};
			name = Debug;
		};
		27BEA48F2CFF9A6A00C39013 /* Release */ = {
			isa = XCBuildConfiguration;
			buildSettings = {
				BUNDLE_LOADER = "$(TEST_HOST)";
				CODE_SIGN_STYLE = Automatic;
				CURRENT_PROJECT_VERSION = 1;
				DEVELOPMENT_TEAM = 84HX6FUFDK;
				GENERATE_INFOPLIST_FILE = YES;
				IPHONEOS_DEPLOYMENT_TARGET = 18.1;
				MARKETING_VERSION = 1.0;
				PRODUCT_BUNDLE_IDENTIFIER = cz.fit.cvut.fitnessAppTests;
				PRODUCT_NAME = "$(TARGET_NAME)";
				SWIFT_EMIT_LOC_STRINGS = NO;
				SWIFT_VERSION = 5.0;
				TARGETED_DEVICE_FAMILY = "1,2";
				TEST_HOST = "$(BUILT_PRODUCTS_DIR)/fitnessApp.app/$(BUNDLE_EXECUTABLE_FOLDER_PATH)/fitnessApp";
			};
			name = Release;
		};
		27BEA4912CFF9A6A00C39013 /* Debug */ = {
			isa = XCBuildConfiguration;
			buildSettings = {
				CODE_SIGN_STYLE = Automatic;
				CURRENT_PROJECT_VERSION = 1;
				DEVELOPMENT_TEAM = 84HX6FUFDK;
				GENERATE_INFOPLIST_FILE = YES;
				MARKETING_VERSION = 1.0;
				PRODUCT_BUNDLE_IDENTIFIER = cz.fit.cvut.fitnessAppUITests;
				PRODUCT_NAME = "$(TARGET_NAME)";
				SWIFT_EMIT_LOC_STRINGS = NO;
				SWIFT_VERSION = 5.0;
				TARGETED_DEVICE_FAMILY = "1,2";
				TEST_TARGET_NAME = fitnessApp;
			};
			name = Debug;
		};
		27BEA4922CFF9A6A00C39013 /* Release */ = {
			isa = XCBuildConfiguration;
			buildSettings = {
				CODE_SIGN_STYLE = Automatic;
				CURRENT_PROJECT_VERSION = 1;
				DEVELOPMENT_TEAM = 84HX6FUFDK;
				GENERATE_INFOPLIST_FILE = YES;
				MARKETING_VERSION = 1.0;
				PRODUCT_BUNDLE_IDENTIFIER = cz.fit.cvut.fitnessAppUITests;
				PRODUCT_NAME = "$(TARGET_NAME)";
				SWIFT_EMIT_LOC_STRINGS = NO;
				SWIFT_VERSION = 5.0;
				TARGETED_DEVICE_FAMILY = "1,2";
				TEST_TARGET_NAME = fitnessApp;
			};
			name = Release;
		};
/* End XCBuildConfiguration section */

/* Begin XCConfigurationList section */
		27BEA45A2CFF9A6900C39013 /* Build configuration list for PBXProject "fitnessApp" */ = {
			isa = XCConfigurationList;
			buildConfigurations = (
				27BEA48B2CFF9A6A00C39013 /* Debug */,
				27BEA48C2CFF9A6A00C39013 /* Release */,
			);
			defaultConfigurationIsVisible = 0;
			defaultConfigurationName = Release;
		};
		27BEA4882CFF9A6A00C39013 /* Build configuration list for PBXNativeTarget "fitnessApp" */ = {
			isa = XCConfigurationList;
			buildConfigurations = (
				27BEA4892CFF9A6A00C39013 /* Debug */,
				27BEA48A2CFF9A6A00C39013 /* Release */,
			);
			defaultConfigurationIsVisible = 0;
			defaultConfigurationName = Release;
		};
		27BEA48D2CFF9A6A00C39013 /* Build configuration list for PBXNativeTarget "fitnessAppTests" */ = {
			isa = XCConfigurationList;
			buildConfigurations = (
				27BEA48E2CFF9A6A00C39013 /* Debug */,
				27BEA48F2CFF9A6A00C39013 /* Release */,
			);
			defaultConfigurationIsVisible = 0;
			defaultConfigurationName = Release;
		};
		27BEA4902CFF9A6A00C39013 /* Build configuration list for PBXNativeTarget "fitnessAppUITests" */ = {
			isa = XCConfigurationList;
			buildConfigurations = (
				27BEA4912CFF9A6A00C39013 /* Debug */,
				27BEA4922CFF9A6A00C39013 /* Release */,
			);
			defaultConfigurationIsVisible = 0;
			defaultConfigurationName = Release;
		};
/* End XCConfigurationList section */

/* Begin XCRemoteSwiftPackageReference section */
		27BEA4932CFF9BB500C39013 /* XCRemoteSwiftPackageReference "ACKategories" */ = {
			isa = XCRemoteSwiftPackageReference;
			repositoryURL = "https://github.com/AckeeCZ/ACKategories.git";
			requirement = {
				kind = upToNextMajorVersion;
				minimumVersion = 6.15.0;
			};
		};
/* End XCRemoteSwiftPackageReference section */

/* Begin XCSwiftPackageProductDependency section */
		27BEA4942CFF9BB500C39013 /* ACKategories */ = {
			isa = XCSwiftPackageProductDependency;
			package = 27BEA4932CFF9BB500C39013 /* XCRemoteSwiftPackageReference "ACKategories" */;
			productName = ACKategories;
		};
/* End XCSwiftPackageProductDependency section */
	};
	rootObject = 27BEA4572CFF9A6900C39013 /* Project object */;
}
